{
    "name": "@launch-deck/delay-plugin",
    "version": "1.0.0",
    "lockfileVersion": 2,
    "requires": true,
    "packages": {
        "": {
            "name": "@launch-deck/delay-plugin",
            "version": "1.0.0",
            "hasInstallScript": true,
            "dependencies": {
                "@launch-deck/common": "latest"
            },
            "devDependencies": {
                "typescript": "^4.8.4"
            }
        },
        "node_modules/@launch-deck/common": {
            "version": "0.0.1-snapshot.1",
            "resolved": "https://registry.npmjs.org/@launch-deck/common/-/common-0.0.1-snapshot.1.tgz",
            "integrity": "sha512-GLvdsw8Bo4dfq1o/SK/XMo6qQIvgEgc5bSiuUxZpqAz+8nCvBqPhLRdKit1s8lFqtjYAv7K++eVRVYErRIMkPw=="
        },
        "node_modules/typescript": {
            "version": "4.9.3",
            "resolved": "https://registry.npmjs.org/typescript/-/typescript-4.9.3.tgz",
            "integrity": "sha512-CIfGzTelbKNEnLpLdGFgdyKhG23CKdKgQPOBc+OUNrkJ2vr+KSzsSV5kq5iWhEQbok+quxgGzrAtGWCyU7tHnA==",
            "dev": true,
            "bin": {
                "tsc": "bin/tsc",
                "tsserver": "bin/tsserver"
            },
            "engines": {
                "node": ">=4.2.0"
            }
        }
    },
    "dependencies": {
        "@launch-deck/common": {
            "version": "0.0.1-snapshot.1",
            "resolved": "https://registry.npmjs.org/@launch-deck/common/-/common-0.0.1-snapshot.1.tgz",
            "integrity": "sha512-GLvdsw8Bo4dfq1o/SK/XMo6qQIvgEgc5bSiuUxZpqAz+8nCvBqPhLRdKit1s8lFqtjYAv7K++eVRVYErRIMkPw=="
        },
        "typescript": {
            "version": "4.9.3",
            "resolved": "https://registry.npmjs.org/typescript/-/typescript-4.9.3.tgz",
            "integrity": "sha512-CIfGzTelbKNEnLpLdGFgdyKhG23CKdKgQPOBc+OUNrkJ2vr+KSzsSV5kq5iWhEQbok+quxgGzrAtGWCyU7tHnA==",
            "dev": true
        }
    }
}
